
Microsoft Visual Studio Solution File, Format Version 12.00
# Visual Studio Version 17
VisualStudioVersion = 17.14.36408.4
MinimumVisualStudioVersion = 10.0.40219.1
Project("{FAE04EC0-301F-11D3-BF4B-00C04F79EFBC}") = "Model", "Model\Model.csproj", "{3E335D76-24EC-4DCB-B2EE-2CAC151B8CE8}"
EndProject
Project("{FAE04EC0-301F-11D3-BF4B-00C04F79EFBC}") = "ViewModel", "ViewModel\ViewModel.csproj", "{5AB1AA91-F482-44E2-9A48-DA3A8BA0BC7F}"
EndProject
Project("{FAE04EC0-301F-11D3-BF4B-00C04F79EFBC}") = "Test", "Test\Test.csproj", "{2174C04D-1B55-4142-95FE-7686709F2D20}"
	ProjectSection(ProjectDependencies) = postProject
		{5DE34299-DB44-4657-B4BE-BFC5AAED4E8F} = {5DE34299-DB44-4657-B4BE-BFC5AAED4E8F}
		{F14F98E1-87B0-4B0A-BC27-E178AA6927EC} = {F14F98E1-87B0-4B0A-BC27-E178AA6927EC}
	EndProjectSection
EndProject
Project("{FAE04EC0-301F-11D3-BF4B-00C04F79EFBC}") = "ApiMusic", "ApiMusic\ApiMusic.csproj", "{5DE34299-DB44-4657-B4BE-BFC5AAED4E8F}"
EndProject
Project("{FAE04EC0-301F-11D3-BF4B-00C04F79EFBC}") = "Service", "Service\Service.csproj", "{F14F98E1-87B0-4B0A-BC27-E178AA6927EC}"
	ProjectSection(ProjectDependencies) = postProject
		{3E335D76-24EC-4DCB-B2EE-2CAC151B8CE8} = {3E335D76-24EC-4DCB-B2EE-2CAC151B8CE8}
		{5AB1AA91-F482-44E2-9A48-DA3A8BA0BC7F} = {5AB1AA91-F482-44E2-9A48-DA3A8BA0BC7F}
		{5DE34299-DB44-4657-B4BE-BFC5AAED4E8F} = {5DE34299-DB44-4657-B4BE-BFC5AAED4E8F}
	EndProjectSection
EndProject
Project("{FAE04EC0-301F-11D3-BF4B-00C04F79EFBC}") = "Test server", "Test server\Test server.csproj", "{07186B2B-4525-492D-B639-33313DADBC4D}"
EndProject
Global
	GlobalSection(SolutionConfigurationPlatforms) = preSolution
		Debug|Any CPU = Debug|Any CPU
		Release|Any CPU = Release|Any CPU
	EndGlobalSection
	GlobalSection(ProjectConfigurationPlatforms) = postSolution
		{3E335D76-24EC-4DCB-B2EE-2CAC151B8CE8}.Debug|Any CPU.ActiveCfg = Debug|Any CPU
		{3E335D76-24EC-4DCB-B2EE-2CAC151B8CE8}.Debug|Any CPU.Build.0 = Debug|Any CPU
		{3E335D76-24EC-4DCB-B2EE-2CAC151B8CE8}.Release|Any CPU.ActiveCfg = Release|Any CPU
		{3E335D76-24EC-4DCB-B2EE-2CAC151B8CE8}.Release|Any CPU.Build.0 = Release|Any CPU
		{5AB1AA91-F482-44E2-9A48-DA3A8BA0BC7F}.Debug|Any CPU.ActiveCfg = Debug|Any CPU
		{5AB1AA91-F482-44E2-9A48-DA3A8BA0BC7F}.Debug|Any CPU.Build.0 = Debug|Any CPU
		{5AB1AA91-F482-44E2-9A48-DA3A8BA0BC7F}.Release|Any CPU.ActiveCfg = Release|Any CPU
		{5AB1AA91-F482-44E2-9A48-DA3A8BA0BC7F}.Release|Any CPU.Build.0 = Release|Any CPU
		{2174C04D-1B55-4142-95FE-7686709F2D20}.Debug|Any CPU.ActiveCfg = Debug|Any CPU
		{2174C04D-1B55-4142-95FE-7686709F2D20}.Debug|Any CPU.Build.0 = Debug|Any CPU
		{2174C04D-1B55-4142-95FE-7686709F2D20}.Release|Any CPU.ActiveCfg = Release|Any CPU
		{2174C04D-1B55-4142-95FE-7686709F2D20}.Release|Any CPU.Build.0 = Release|Any CPU
		{5DE34299-DB44-4657-B4BE-BFC5AAED4E8F}.Debug|Any CPU.ActiveCfg = Debug|Any CPU
		{5DE34299-DB44-4657-B4BE-BFC5AAED4E8F}.Debug|Any CPU.Build.0 = Debug|Any CPU
		{5DE34299-DB44-4657-B4BE-BFC5AAED4E8F}.Release|Any CPU.ActiveCfg = Release|Any CPU
		{5DE34299-DB44-4657-B4BE-BFC5AAED4E8F}.Release|Any CPU.Build.0 = Release|Any CPU
		{F14F98E1-87B0-4B0A-BC27-E178AA6927EC}.Debug|Any CPU.ActiveCfg = Debug|Any CPU
		{F14F98E1-87B0-4B0A-BC27-E178AA6927EC}.Debug|Any CPU.Build.0 = Debug|Any CPU
		{F14F98E1-87B0-4B0A-BC27-E178AA6927EC}.Release|Any CPU.ActiveCfg = Release|Any CPU
		{F14F98E1-87B0-4B0A-BC27-E178AA6927EC}.Release|Any CPU.Build.0 = Release|Any CPU
		{07186B2B-4525-492D-B639-33313DADBC4D}.Debug|Any CPU.ActiveCfg = Debug|Any CPU
		{07186B2B-4525-492D-B639-33313DADBC4D}.Debug|Any CPU.Build.0 = Debug|Any CPU
		{07186B2B-4525-492D-B639-33313DADBC4D}.Release|Any CPU.ActiveCfg = Release|Any CPU
		{07186B2B-4525-492D-B639-33313DADBC4D}.Release|Any CPU.Build.0 = Release|Any CPU
	EndGlobalSection
	GlobalSection(SolutionProperties) = preSolution
		HideSolutionNode = FALSE
	EndGlobalSection
	GlobalSection(ExtensibilityGlobals) = postSolution
		SolutionGuid = {E6AC6654-F8E1-48BF-AACE-78331E515958}
	EndGlobalSection
EndGlobal
